
Microsoft Visual Studio Solution File, Format Version 12.00
# Visual Studio Version 16
VisualStudioVersion = 16.0.34407.143
MinimumVisualStudioVersion = 10.0.40219.1
Project("{FAE04EC0-301F-11D3-BF4B-00C04F79EFBC}") = "Anarchy-Online-UVG-Extractor", "Anarchy-Online-UVG-Extractor.csproj", "{75F8B2AE-28E1-47EE-A45F-150604C999B3}"
EndProject
Global
	GlobalSection(SolutionConfigurationPlatforms) = preSolution
		Debug|Any CPU = Debug|Any CPU
		Release|Any CPU = Release|Any CPU
	EndGlobalSection
	GlobalSection(ProjectConfigurationPlatforms) = postSolution
		{75F8B2AE-28E1-47EE-A45F-150604C999B3}.Debug|Any CPU.ActiveCfg = Debug|Any CPU
		{75F8B2AE-28E1-47EE-A45F-150604C999B3}.Debug|Any CPU.Build.0 = Debug|Any CPU
		{75F8B2AE-28E1-47EE-A45F-150604C999B3}.Release|Any CPU.ActiveCfg = Release|Any CPU
		{75F8B2AE-28E1-47EE-A45F-150604C999B3}.Release|Any CPU.Build.0 = Release|Any CPU
	EndGlobalSection
	GlobalSection(SolutionProperties) = preSolution
		HideSolutionNode = FALSE
	EndGlobalSection
	GlobalSection(ExtensibilityGlobals) = postSolution
		SolutionGuid = {14751A72-AE5E-4FBD-8352-A6EE497E6214}
	EndGlobalSection
EndGlobal
